
Microsoft Visual Studio Solution File, Format Version 12.00
# Visual Studio Version 17
VisualStudioVersion = 17.3.32901.215
MinimumVisualStudioVersion = 10.0.40219.1
Project("{FAE04EC0-301F-11D3-BF4B-00C04F79EFBC}") = "RegAndJoinWindow", "RegAndJoinWindow\RegAndJoinWindow.csproj", "{4D54C779-08E2-4925-A68C-151747BCD797}"
EndProject
Project("{FAE04EC0-301F-11D3-BF4B-00C04F79EFBC}") = "UserRegistration", "UserRegistration\UserRegistration.csproj", "{DD01F7D8-3A3F-43EE-ABAB-40C6557EE60B}"
EndProject
Global
	GlobalSection(SolutionConfigurationPlatforms) = preSolution
		Debug|Any CPU = Debug|Any CPU
		Release|Any CPU = Release|Any CPU
	EndGlobalSection
	GlobalSection(ProjectConfigurationPlatforms) = postSolution
		{4D54C779-08E2-4925-A68C-151747BCD797}.Debug|Any CPU.ActiveCfg = Debug|Any CPU
		{4D54C779-08E2-4925-A68C-151747BCD797}.Debug|Any CPU.Build.0 = Debug|Any CPU
		{4D54C779-08E2-4925-A68C-151747BCD797}.Release|Any CPU.ActiveCfg = Release|Any CPU
		{4D54C779-08E2-4925-A68C-151747BCD797}.Release|Any CPU.Build.0 = Release|Any CPU
		{DD01F7D8-3A3F-43EE-ABAB-40C6557EE60B}.Debug|Any CPU.ActiveCfg = Debug|Any CPU
		{DD01F7D8-3A3F-43EE-ABAB-40C6557EE60B}.Debug|Any CPU.Build.0 = Debug|Any CPU
		{DD01F7D8-3A3F-43EE-ABAB-40C6557EE60B}.Release|Any CPU.ActiveCfg = Release|Any CPU
		{DD01F7D8-3A3F-43EE-ABAB-40C6557EE60B}.Release|Any CPU.Build.0 = Release|Any CPU
	EndGlobalSection
	GlobalSection(SolutionProperties) = preSolution
		HideSolutionNode = FALSE
	EndGlobalSection
	GlobalSection(ExtensibilityGlobals) = postSolution
		SolutionGuid = {27580357-BDB3-4280-9AAB-79E69A774EE8}
	EndGlobalSection
EndGlobal
